
Microsoft Visual Studio Solution File, Format Version 12.00
Project("{FAE04EC0-301F-11D3-BF4B-00C04F79EFBC}") = "CoubDownloader", "CoubDownloader\CoubDownloader.csproj", "{C4FD48E1-9C22-48D6-BE32-3D22449EB6B4}"
EndProject
Project("{2150E333-8FDC-42A3-9474-1A3956D46DE8}") = "Docs", "Docs", "{E0367ECE-CACB-4351-BF5A-D8EAC6DC2B30}"
	ProjectSection(SolutionItems) = preProject
		LICENSE = LICENSE
		README.md = README.md
	EndProjectSection
EndProject
Global
	GlobalSection(SolutionConfigurationPlatforms) = preSolution
		Debug|Any CPU = Debug|Any CPU
		Release|Any CPU = Release|Any CPU
	EndGlobalSection
	GlobalSection(ProjectConfigurationPlatforms) = postSolution
		{C4FD48E1-9C22-48D6-BE32-3D22449EB6B4}.Debug|Any CPU.ActiveCfg = Debug|Any CPU
		{C4FD48E1-9C22-48D6-BE32-3D22449EB6B4}.Debug|Any CPU.Build.0 = Debug|Any CPU
		{C4FD48E1-9C22-48D6-BE32-3D22449EB6B4}.Release|Any CPU.ActiveCfg = Release|Any CPU
		{C4FD48E1-9C22-48D6-BE32-3D22449EB6B4}.Release|Any CPU.Build.0 = Release|Any CPU
	EndGlobalSection
EndGlobal
